{
    "_readme": [
        "This file locks the dependencies of your project to a known state",
        "Read more about it at http://getcomposer.org/doc/01-basic-usage.md#composer-lock-the-lock-file",
        "This file is @generated automatically"
    ],
    "hash": "742adc2cb91d8beb18ef47a7daf4031d",
    "packages": [
        {
            "name": "intux/kraken-api-client",
            "version": "dev-master",
            "source": {
                "type": "git",
                "url": "https://github.com/intux/kraken-api-client.git",
                "reference": "f899529e7e6a38eadb23875e6dbd50059cb68f89"
            },
            "dist": {
                "type": "zip",
                "url": "https://api.github.com/repos/intux/kraken-api-client/zipball/f899529e7e6a38eadb23875e6dbd50059cb68f89",
                "reference": "f899529e7e6a38eadb23875e6dbd50059cb68f89",
                "shasum": ""
            },
            "type": "library",
            "autoload": {
                "psr-0": {
                    "Kraken": "php/"
                }
            },
            "license": [
                "MIT"
            ],
            "description": "PHP Client library for Kraken",
            "support": {
                "source": "https://github.com/intux/kraken-api-client/tree/master"
            },
            "time": "2014-02-17 22:55:47"
        },
        {
            "name": "symfony/process",
            "version": "dev-master",
            "target-dir": "Symfony/Component/Process",
            "source": {
                "type": "git",
                "url": "https://github.com/symfony/Process.git",
                "reference": "6ce30e850357c844696411d49c4cfe7f19446f6e"
            },
            "dist": {
                "type": "zip",
                "url": "https://api.github.com/repos/symfony/Process/zipball/6ce30e850357c844696411d49c4cfe7f19446f6e",
                "reference": "6ce30e850357c844696411d49c4cfe7f19446f6e",
                "shasum": ""
            },
            "require": {
                "php": ">=5.3.3"
            },
            "type": "library",
            "extra": {
                "branch-alias": {
                    "dev-master": "2.6-dev"
                }
            },
            "autoload": {
                "psr-0": {
                    "Symfony\\Component\\Process\\": ""
                }
            },
            "notification-url": "https://packagist.org/downloads/",
            "license": [
                "MIT"
            ],
            "authors": [
                {
                    "name": "Fabien Potencier",
                    "email": "fabien@symfony.com",
                    "homepage": "http://fabien.potencier.org",
                    "role": "Lead Developer"
                },
                {
                    "name": "Symfony Community",
                    "homepage": "http://symfony.com/contributors"
                }
            ],
            "description": "Symfony Process Component",
            "homepage": "http://symfony.com",
            "time": "2014-07-01 06:41:10"
        }
    ],
    "packages-dev": [],
    "aliases": [],
    "minimum-stability": "dev",
    "stability-flags": {
        "intux/kraken-api-client": 20
    },
    "platform": [],
    "platform-dev": []
}
